{
  "name": "precommit-sentinel",
  "version": "1.0.0",
  "lockfileVersion": 3,
  "requires": true,
  "packages": {
    "": {
      "name": "precommit-sentinel",
      "version": "1.0.0",
      "hasInstallScript": true,
      "license": "MIT",
      "bin": {
        "precommit-sentinel": "bin/precommit-sentinel.js"
      },
      "engines": {
        "node": ">=16"
      }
    }
  }
}
